
Microsoft Visual Studio Solution File, Format Version 12.00
# Visual Studio Version 16
VisualStudioVersion = 16.0.29411.108
MinimumVisualStudioVersion = 10.0.40219.1
Project("{FAE04EC0-301F-11D3-BF4B-00C04F79EFBC}") = "ControlStudents", "ControlStudents.csproj", "{43CCB7BB-FF8B-46EF-9AE1-B77D777B1B61}"
EndProject
Global
	GlobalSection(SolutionConfigurationPlatforms) = preSolution
		Debug|Any CPU = Debug|Any CPU
		Release|Any CPU = Release|Any CPU
	EndGlobalSection
	GlobalSection(ProjectConfigurationPlatforms) = postSolution
		{43CCB7BB-FF8B-46EF-9AE1-B77D777B1B61}.Debug|Any CPU.ActiveCfg = Debug|Any CPU
		{43CCB7BB-FF8B-46EF-9AE1-B77D777B1B61}.Debug|Any CPU.Build.0 = Debug|Any CPU
		{43CCB7BB-FF8B-46EF-9AE1-B77D777B1B61}.Release|Any CPU.ActiveCfg = Release|Any CPU
		{43CCB7BB-FF8B-46EF-9AE1-B77D777B1B61}.Release|Any CPU.Build.0 = Release|Any CPU
	EndGlobalSection
	GlobalSection(SolutionProperties) = preSolution
		HideSolutionNode = FALSE
	EndGlobalSection
	GlobalSection(ExtensibilityGlobals) = postSolution
		SolutionGuid = {D6D0189B-30DC-492D-AF15-71E6005969D9}
	EndGlobalSection
EndGlobal
